
Microsoft Visual Studio Solution File, Format Version 12.00
# Visual Studio Version 17
VisualStudioVersion = 17.3.32922.545
MinimumVisualStudioVersion = 10.0.40219.1
Project("{FAE04EC0-301F-11D3-BF4B-00C04F79EFBC}") = "TicTacToe", "TicTacToe.csproj", "{71FBB691-767C-4AFF-A006-1F0565A13316}"
EndProject
Global
	GlobalSection(SolutionConfigurationPlatforms) = preSolution
		Debug|Any CPU = Debug|Any CPU
		Release|Any CPU = Release|Any CPU
	EndGlobalSection
	GlobalSection(ProjectConfigurationPlatforms) = postSolution
		{71FBB691-767C-4AFF-A006-1F0565A13316}.Debug|Any CPU.ActiveCfg = Debug|Any CPU
		{71FBB691-767C-4AFF-A006-1F0565A13316}.Debug|Any CPU.Build.0 = Debug|Any CPU
		{71FBB691-767C-4AFF-A006-1F0565A13316}.Release|Any CPU.ActiveCfg = Release|Any CPU
		{71FBB691-767C-4AFF-A006-1F0565A13316}.Release|Any CPU.Build.0 = Release|Any CPU
	EndGlobalSection
	GlobalSection(SolutionProperties) = preSolution
		HideSolutionNode = FALSE
	EndGlobalSection
	GlobalSection(ExtensibilityGlobals) = postSolution
		SolutionGuid = {D5A18402-E096-474D-BA50-428A49C285EC}
	EndGlobalSection
EndGlobal
